
Microsoft Visual Studio Solution File, Format Version 12.00
# Visual Studio 15
VisualStudioVersion = 15.0.27703.2047
MinimumVisualStudioVersion = 10.0.40219.1
Project("{FAE04EC0-301F-11D3-BF4B-00C04F79EFBC}") = "SpendIt", "SpendIt\SpendIt.csproj", "{7B07AEA2-1687-4B78-8FCF-B1FA08141659}"
EndProject
Global
	GlobalSection(SolutionConfigurationPlatforms) = preSolution
		Debug|Any CPU = Debug|Any CPU
		Release|Any CPU = Release|Any CPU
	EndGlobalSection
	GlobalSection(ProjectConfigurationPlatforms) = postSolution
		{7B07AEA2-1687-4B78-8FCF-B1FA08141659}.Debug|Any CPU.ActiveCfg = Debug|Any CPU
		{7B07AEA2-1687-4B78-8FCF-B1FA08141659}.Debug|Any CPU.Build.0 = Debug|Any CPU
		{7B07AEA2-1687-4B78-8FCF-B1FA08141659}.Release|Any CPU.ActiveCfg = Release|Any CPU
		{7B07AEA2-1687-4B78-8FCF-B1FA08141659}.Release|Any CPU.Build.0 = Release|Any CPU
	EndGlobalSection
	GlobalSection(SolutionProperties) = preSolution
		HideSolutionNode = FALSE
	EndGlobalSection
	GlobalSection(ExtensibilityGlobals) = postSolution
		SolutionGuid = {B25C65A8-48E0-4F3F-A6C6-26FA1EE661FF}
	EndGlobalSection
EndGlobal
